
Microsoft Visual Studio Solution File, Format Version 12.00
# Visual Studio Version 16
VisualStudioVersion = 16.0.32106.194
MinimumVisualStudioVersion = 10.0.40219.1
Project("{8BC9CEB8-8B4A-11D0-8D11-00A0C91BC942}") = "C++", "C++.vcxproj", "{79728BF5-D207-4D60-8BAB-47A0EA600498}"
EndProject
Project("{8BC9CEB8-8B4A-11D0-8D11-00A0C91BC942}") = "part4", "..\part4\part4.vcxproj", "{DE262E3C-92E7-41DD-96EE-7234BA966B04}"
EndProject
Project("{8BC9CEB8-8B4A-11D0-8D11-00A0C91BC942}") = "part6", "..\part6\part6.vcxproj", "{D13C4628-0A72-4FC0-845A-01FB65E0562E}"
EndProject
Project("{8BC9CEB8-8B4A-11D0-8D11-00A0C91BC942}") = "part5", "..\part5\part5.vcxproj", "{404E19FC-F8D9-4278-AAC7-EAFF4BDA893A}"
EndProject
Project("{8BC9CEB8-8B4A-11D0-8D11-00A0C91BC942}") = "part7", "..\part7\part7.vcxproj", "{91E66A6F-79CC-4119-8E04-6955BE731874}"
EndProject
Project("{8BC9CEB8-8B4A-11D0-8D11-00A0C91BC942}") = "MyC++", "..\MyC++\MyC++.vcxproj", "{3DBA3AD4-E8F5-4E9B-8636-326484ACDF4E}"
EndProject
Project("{8BC9CEB8-8B4A-11D0-8D11-00A0C91BC942}") = "part8", "..\part8\part8.vcxproj", "{958B794D-417B-41BC-BFC0-9D172AA9CD7A}"
EndProject
Project("{8BC9CEB8-8B4A-11D0-8D11-00A0C91BC942}") = "part9", "..\part9\part9.vcxproj", "{1F8B2E7C-5B67-4FF4-B7BA-D76C04A6473D}"
EndProject
Project("{8BC9CEB8-8B4A-11D0-8D11-00A0C91BC942}") = "part10", "..\part10\part10.vcxproj", "{D9260EE2-A29E-43E1-985C-8CC3F5782DC7}"
EndProject
Project("{8BC9CEB8-8B4A-11D0-8D11-00A0C91BC942}") = "part11", "..\part11\part11.vcxproj", "{75486CED-4105-414B-9FB6-224819F4950A}"
EndProject
Project("{8BC9CEB8-8B4A-11D0-8D11-00A0C91BC942}") = "part12", "..\part12\part12.vcxproj", "{38793417-D3C3-431C-8465-AAFC33CF2875}"
EndProject
Project("{8BC9CEB8-8B4A-11D0-8D11-00A0C91BC942}") = "part13", "..\part13\part13.vcxproj", "{E1593271-C183-40C9-BA7C-0997B3F66099}"
EndProject
Project("{8BC9CEB8-8B4A-11D0-8D11-00A0C91BC942}") = "part14", "Project1\Project1.vcxproj", "{9649F1AA-0A7F-41B9-8B79-C96F9019E89B}"
EndProject
Global
	GlobalSection(SolutionConfigurationPlatforms) = preSolution
		Debug|x64 = Debug|x64
		Debug|x86 = Debug|x86
		Release|x64 = Release|x64
		Release|x86 = Release|x86
	EndGlobalSection
	GlobalSection(ProjectConfigurationPlatforms) = postSolution
		{79728BF5-D207-4D60-8BAB-47A0EA600498}.Debug|x64.ActiveCfg = Debug|x64
		{79728BF5-D207-4D60-8BAB-47A0EA600498}.Debug|x64.Build.0 = Debug|x64
		{79728BF5-D207-4D60-8BAB-47A0EA600498}.Debug|x86.ActiveCfg = Debug|Win32
		{79728BF5-D207-4D60-8BAB-47A0EA600498}.Debug|x86.Build.0 = Debug|Win32
		{79728BF5-D207-4D60-8BAB-47A0EA600498}.Release|x64.ActiveCfg = Release|x64
		{79728BF5-D207-4D60-8BAB-47A0EA600498}.Release|x64.Build.0 = Release|x64
		{79728BF5-D207-4D60-8BAB-47A0EA600498}.Release|x86.ActiveCfg = Release|Win32
		{79728BF5-D207-4D60-8BAB-47A0EA600498}.Release|x86.Build.0 = Release|Win32
		{DE262E3C-92E7-41DD-96EE-7234BA966B04}.Debug|x64.ActiveCfg = Debug|x64
		{DE262E3C-92E7-41DD-96EE-7234BA966B04}.Debug|x64.Build.0 = Debug|x64
		{DE262E3C-92E7-41DD-96EE-7234BA966B04}.Debug|x86.ActiveCfg = Debug|Win32
		{DE262E3C-92E7-41DD-96EE-7234BA966B04}.Debug|x86.Build.0 = Debug|Win32
		{DE262E3C-92E7-41DD-96EE-7234BA966B04}.Release|x64.ActiveCfg = Release|x64
		{DE262E3C-92E7-41DD-96EE-7234BA966B04}.Release|x64.Build.0 = Release|x64
		{DE262E3C-92E7-41DD-96EE-7234BA966B04}.Release|x86.ActiveCfg = Release|Win32
		{DE262E3C-92E7-41DD-96EE-7234BA966B04}.Release|x86.Build.0 = Release|Win32
		{D13C4628-0A72-4FC0-845A-01FB65E0562E}.Debug|x64.ActiveCfg = Debug|x64
		{D13C4628-0A72-4FC0-845A-01FB65E0562E}.Debug|x64.Build.0 = Debug|x64
		{D13C4628-0A72-4FC0-845A-01FB65E0562E}.Debug|x86.ActiveCfg = Debug|Win32
		{D13C4628-0A72-4FC0-845A-01FB65E0562E}.Debug|x86.Build.0 = Debug|Win32
		{D13C4628-0A72-4FC0-845A-01FB65E0562E}.Release|x64.ActiveCfg = Release|x64
		{D13C4628-0A72-4FC0-845A-01FB65E0562E}.Release|x64.Build.0 = Release|x64
		{D13C4628-0A72-4FC0-845A-01FB65E0562E}.Release|x86.ActiveCfg = Release|Win32
		{D13C4628-0A72-4FC0-845A-01FB65E0562E}.Release|x86.Build.0 = Release|Win32
		{404E19FC-F8D9-4278-AAC7-EAFF4BDA893A}.Debug|x64.ActiveCfg = Debug|x64
		{404E19FC-F8D9-4278-AAC7-EAFF4BDA893A}.Debug|x64.Build.0 = Debug|x64
		{404E19FC-F8D9-4278-AAC7-EAFF4BDA893A}.Debug|x86.ActiveCfg = Debug|Win32
		{404E19FC-F8D9-4278-AAC7-EAFF4BDA893A}.Debug|x86.Build.0 = Debug|Win32
		{404E19FC-F8D9-4278-AAC7-EAFF4BDA893A}.Release|x64.ActiveCfg = Release|x64
		{404E19FC-F8D9-4278-AAC7-EAFF4BDA893A}.Release|x64.Build.0 = Release|x64
		{404E19FC-F8D9-4278-AAC7-EAFF4BDA893A}.Release|x86.ActiveCfg = Release|Win32
		{404E19FC-F8D9-4278-AAC7-EAFF4BDA893A}.Release|x86.Build.0 = Release|Win32
		{91E66A6F-79CC-4119-8E04-6955BE731874}.Debug|x64.ActiveCfg = Debug|x64
		{91E66A6F-79CC-4119-8E04-6955BE731874}.Debug|x64.Build.0 = Debug|x64
		{91E66A6F-79CC-4119-8E04-6955BE731874}.Debug|x86.ActiveCfg = Debug|Win32
		{91E66A6F-79CC-4119-8E04-6955BE731874}.Debug|x86.Build.0 = Debug|Win32
		{91E66A6F-79CC-4119-8E04-6955BE731874}.Release|x64.ActiveCfg = Release|x64
		{91E66A6F-79CC-4119-8E04-6955BE731874}.Release|x64.Build.0 = Release|x64
		{91E66A6F-79CC-4119-8E04-6955BE731874}.Release|x86.ActiveCfg = Release|Win32
		{91E66A6F-79CC-4119-8E04-6955BE731874}.Release|x86.Build.0 = Release|Win32
		{3DBA3AD4-E8F5-4E9B-8636-326484ACDF4E}.Debug|x64.ActiveCfg = Debug|x64
		{3DBA3AD4-E8F5-4E9B-8636-326484ACDF4E}.Debug|x64.Build.0 = Debug|x64
		{3DBA3AD4-E8F5-4E9B-8636-326484ACDF4E}.Debug|x86.ActiveCfg = Debug|Win32
		{3DBA3AD4-E8F5-4E9B-8636-326484ACDF4E}.Debug|x86.Build.0 = Debug|Win32
		{3DBA3AD4-E8F5-4E9B-8636-326484ACDF4E}.Release|x64.ActiveCfg = Release|x64
		{3DBA3AD4-E8F5-4E9B-8636-326484ACDF4E}.Release|x64.Build.0 = Release|x64
		{3DBA3AD4-E8F5-4E9B-8636-326484ACDF4E}.Release|x86.ActiveCfg = Release|Win32
		{3DBA3AD4-E8F5-4E9B-8636-326484ACDF4E}.Release|x86.Build.0 = Release|Win32
		{958B794D-417B-41BC-BFC0-9D172AA9CD7A}.Debug|x64.ActiveCfg = Debug|x64
		{958B794D-417B-41BC-BFC0-9D172AA9CD7A}.Debug|x64.Build.0 = Debug|x64
		{958B794D-417B-41BC-BFC0-9D172AA9CD7A}.Debug|x86.ActiveCfg = Debug|Win32
		{958B794D-417B-41BC-BFC0-9D172AA9CD7A}.Debug|x86.Build.0 = Debug|Win32
		{958B794D-417B-41BC-BFC0-9D172AA9CD7A}.Release|x64.ActiveCfg = Release|x64
		{958B794D-417B-41BC-BFC0-9D172AA9CD7A}.Release|x64.Build.0 = Release|x64
		{958B794D-417B-41BC-BFC0-9D172AA9CD7A}.Release|x86.ActiveCfg = Release|Win32
		{958B794D-417B-41BC-BFC0-9D172AA9CD7A}.Release|x86.Build.0 = Release|Win32
		{1F8B2E7C-5B67-4FF4-B7BA-D76C04A6473D}.Debug|x64.ActiveCfg = Debug|x64
		{1F8B2E7C-5B67-4FF4-B7BA-D76C04A6473D}.Debug|x64.Build.0 = Debug|x64
		{1F8B2E7C-5B67-4FF4-B7BA-D76C04A6473D}.Debug|x86.ActiveCfg = Debug|Win32
		{1F8B2E7C-5B67-4FF4-B7BA-D76C04A6473D}.Debug|x86.Build.0 = Debug|Win32
		{1F8B2E7C-5B67-4FF4-B7BA-D76C04A6473D}.Release|x64.ActiveCfg = Release|x64
		{1F8B2E7C-5B67-4FF4-B7BA-D76C04A6473D}.Release|x64.Build.0 = Release|x64
		{1F8B2E7C-5B67-4FF4-B7BA-D76C04A6473D}.Release|x86.ActiveCfg = Release|Win32
		{1F8B2E7C-5B67-4FF4-B7BA-D76C04A6473D}.Release|x86.Build.0 = Release|Win32
		{D9260EE2-A29E-43E1-985C-8CC3F5782DC7}.Debug|x64.ActiveCfg = Debug|x64
		{D9260EE2-A29E-43E1-985C-8CC3F5782DC7}.Debug|x64.Build.0 = Debug|x64
		{D9260EE2-A29E-43E1-985C-8CC3F5782DC7}.Debug|x86.ActiveCfg = Debug|Win32
		{D9260EE2-A29E-43E1-985C-8CC3F5782DC7}.Debug|x86.Build.0 = Debug|Win32
		{D9260EE2-A29E-43E1-985C-8CC3F5782DC7}.Release|x64.ActiveCfg = Release|x64
		{D9260EE2-A29E-43E1-985C-8CC3F5782DC7}.Release|x64.Build.0 = Release|x64
		{D9260EE2-A29E-43E1-985C-8CC3F5782DC7}.Release|x86.ActiveCfg = Release|Win32
		{D9260EE2-A29E-43E1-985C-8CC3F5782DC7}.Release|x86.Build.0 = Release|Win32
		{75486CED-4105-414B-9FB6-224819F4950A}.Debug|x64.ActiveCfg = Debug|x64
		{75486CED-4105-414B-9FB6-224819F4950A}.Debug|x64.Build.0 = Debug|x64
		{75486CED-4105-414B-9FB6-224819F4950A}.Debug|x86.ActiveCfg = Debug|Win32
		{75486CED-4105-414B-9FB6-224819F4950A}.Debug|x86.Build.0 = Debug|Win32
		{75486CED-4105-414B-9FB6-224819F4950A}.Release|x64.ActiveCfg = Release|x64
		{75486CED-4105-414B-9FB6-224819F4950A}.Release|x64.Build.0 = Release|x64
		{75486CED-4105-414B-9FB6-224819F4950A}.Release|x86.ActiveCfg = Release|Win32
		{75486CED-4105-414B-9FB6-224819F4950A}.Release|x86.Build.0 = Release|Win32
		{38793417-D3C3-431C-8465-AAFC33CF2875}.Debug|x64.ActiveCfg = Debug|x64
		{38793417-D3C3-431C-8465-AAFC33CF2875}.Debug|x64.Build.0 = Debug|x64
		{38793417-D3C3-431C-8465-AAFC33CF2875}.Debug|x86.ActiveCfg = Debug|Win32
		{38793417-D3C3-431C-8465-AAFC33CF2875}.Debug|x86.Build.0 = Debug|Win32
		{38793417-D3C3-431C-8465-AAFC33CF2875}.Release|x64.ActiveCfg = Release|x64
		{38793417-D3C3-431C-8465-AAFC33CF2875}.Release|x64.Build.0 = Release|x64
		{38793417-D3C3-431C-8465-AAFC33CF2875}.Release|x86.ActiveCfg = Release|Win32
		{38793417-D3C3-431C-8465-AAFC33CF2875}.Release|x86.Build.0 = Release|Win32
		{E1593271-C183-40C9-BA7C-0997B3F66099}.Debug|x64.ActiveCfg = Debug|x64
		{E1593271-C183-40C9-BA7C-0997B3F66099}.Debug|x64.Build.0 = Debug|x64
		{E1593271-C183-40C9-BA7C-0997B3F66099}.Debug|x86.ActiveCfg = Debug|Win32
		{E1593271-C183-40C9-BA7C-0997B3F66099}.Debug|x86.Build.0 = Debug|Win32
		{E1593271-C183-40C9-BA7C-0997B3F66099}.Release|x64.ActiveCfg = Release|x64
		{E1593271-C183-40C9-BA7C-0997B3F66099}.Release|x64.Build.0 = Release|x64
		{E1593271-C183-40C9-BA7C-0997B3F66099}.Release|x86.ActiveCfg = Release|Win32
		{E1593271-C183-40C9-BA7C-0997B3F66099}.Release|x86.Build.0 = Release|Win32
		{9649F1AA-0A7F-41B9-8B79-C96F9019E89B}.Debug|x64.ActiveCfg = Debug|x64
		{9649F1AA-0A7F-41B9-8B79-C96F9019E89B}.Debug|x64.Build.0 = Debug|x64
		{9649F1AA-0A7F-41B9-8B79-C96F9019E89B}.Debug|x86.ActiveCfg = Debug|Win32
		{9649F1AA-0A7F-41B9-8B79-C96F9019E89B}.Debug|x86.Build.0 = Debug|Win32
		{9649F1AA-0A7F-41B9-8B79-C96F9019E89B}.Release|x64.ActiveCfg = Release|x64
		{9649F1AA-0A7F-41B9-8B79-C96F9019E89B}.Release|x64.Build.0 = Release|x64
		{9649F1AA-0A7F-41B9-8B79-C96F9019E89B}.Release|x86.ActiveCfg = Release|Win32
		{9649F1AA-0A7F-41B9-8B79-C96F9019E89B}.Release|x86.Build.0 = Release|Win32
	EndGlobalSection
	GlobalSection(SolutionProperties) = preSolution
		HideSolutionNode = FALSE
	EndGlobalSection
	GlobalSection(ExtensibilityGlobals) = postSolution
		SolutionGuid = {4B606798-D593-4E77-9EC3-3BDD304959FA}
	EndGlobalSection
EndGlobal
